
Microsoft Visual Studio Solution File, Format Version 12.00
# Visual Studio 2013
VisualStudioVersion = 12.0.30723.0
MinimumVisualStudioVersion = 10.0.40219.1
Project("{FAE04EC0-301F-11D3-BF4B-00C04F79EFBC}") = "BSFX", "BSFX.Desktop\BSFX.csproj", "{E73B860F-7ED0-4F15-807F-0C879889392D}"
EndProject
Project("{2150E333-8FDC-42A3-9474-1A3956D46DE8}") = "References", "References", "{BEC50C64-5749-4C4F-B14C-AD81E5B80EDF}"
	ProjectSection(SolutionItems) = preProject
		BSFX.Desktop\References\ForexConnect.dll = BSFX.Desktop\References\ForexConnect.dll
		BSFX.Desktop\References\fxcore2.dll = BSFX.Desktop\References\fxcore2.dll
		BSFX.Desktop\References\fxmsg.dll = BSFX.Desktop\References\fxmsg.dll
		BSFX.Desktop\References\gsexpat.dll = BSFX.Desktop\References\gsexpat.dll
		BSFX.Desktop\References\gstool3.dll = BSFX.Desktop\References\gstool3.dll
		BSFX.Desktop\References\gszlib.dll = BSFX.Desktop\References\gszlib.dll
		BSFX.Desktop\References\httplib.dll = BSFX.Desktop\References\httplib.dll
		BSFX.Desktop\References\log4cplus.dll = BSFX.Desktop\References\log4cplus.dll
		BSFX.Desktop\References\pdas.dll = BSFX.Desktop\References\pdas.dll
	EndProjectSection
EndProject
Global
	GlobalSection(TeamFoundationVersionControl) = preSolution
		SccNumberOfProjects = 2
		SccEnterpriseProvider = {4CA58AB2-18FA-4F8D-95D4-32DDF27D184C}
		SccTeamFoundationServer = https://bsfx.visualstudio.com/defaultcollection
		SccLocalPath0 = BSFX.Desktop
		SccProjectFilePathRelativizedFromConnection0 = ..\\
		SccProjectUniqueName1 = BSFX.Desktop\\BSFX.csproj
		SccLocalPath1 = BSFX.Desktop
	EndGlobalSection
	GlobalSection(SolutionConfigurationPlatforms) = preSolution
		Debug|Any CPU = Debug|Any CPU
		Release|Any CPU = Release|Any CPU
		TFS|Any CPU = TFS|Any CPU
	EndGlobalSection
	GlobalSection(ProjectConfigurationPlatforms) = postSolution
		{E73B860F-7ED0-4F15-807F-0C879889392D}.Debug|Any CPU.ActiveCfg = Debug|Any CPU
		{E73B860F-7ED0-4F15-807F-0C879889392D}.Debug|Any CPU.Build.0 = Debug|Any CPU
		{E73B860F-7ED0-4F15-807F-0C879889392D}.Release|Any CPU.ActiveCfg = Release|Any CPU
		{E73B860F-7ED0-4F15-807F-0C879889392D}.Release|Any CPU.Build.0 = Release|Any CPU
		{E73B860F-7ED0-4F15-807F-0C879889392D}.TFS|Any CPU.ActiveCfg = TFS|Any CPU
		{E73B860F-7ED0-4F15-807F-0C879889392D}.TFS|Any CPU.Build.0 = TFS|Any CPU
	EndGlobalSection
	GlobalSection(SolutionProperties) = preSolution
		HideSolutionNode = FALSE
	EndGlobalSection
EndGlobal
