
Microsoft Visual Studio Solution File, Format Version 12.00
# Visual Studio 2013
VisualStudioVersion = 12.0.31101.0
MinimumVisualStudioVersion = 10.0.40219.1
Project("{FAE04EC0-301F-11D3-BF4B-00C04F79EFBC}") = "ForxtraSetup", "ForxtraSetup\ForxtraSetup.csproj", "{96F629B0-4DC3-4FD7-B7F7-34ED4BE7E64C}"
EndProject
Global
	GlobalSection(SolutionConfigurationPlatforms) = preSolution
		CD_ROM|Any CPU = CD_ROM|Any CPU
		Debug|Any CPU = Debug|Any CPU
		DVD-5|Any CPU = DVD-5|Any CPU
		Release|Any CPU = Release|Any CPU
		SingleImage|Any CPU = SingleImage|Any CPU
	EndGlobalSection
	GlobalSection(ProjectConfigurationPlatforms) = postSolution
		{96F629B0-4DC3-4FD7-B7F7-34ED4BE7E64C}.CD_ROM|Any CPU.ActiveCfg = Release|Any CPU
		{96F629B0-4DC3-4FD7-B7F7-34ED4BE7E64C}.CD_ROM|Any CPU.Build.0 = Release|Any CPU
		{96F629B0-4DC3-4FD7-B7F7-34ED4BE7E64C}.Debug|Any CPU.ActiveCfg = Debug|Any CPU
		{96F629B0-4DC3-4FD7-B7F7-34ED4BE7E64C}.Debug|Any CPU.Build.0 = Debug|Any CPU
		{96F629B0-4DC3-4FD7-B7F7-34ED4BE7E64C}.DVD-5|Any CPU.ActiveCfg = Debug|Any CPU
		{96F629B0-4DC3-4FD7-B7F7-34ED4BE7E64C}.DVD-5|Any CPU.Build.0 = Debug|Any CPU
		{96F629B0-4DC3-4FD7-B7F7-34ED4BE7E64C}.Release|Any CPU.ActiveCfg = Release|Any CPU
		{96F629B0-4DC3-4FD7-B7F7-34ED4BE7E64C}.Release|Any CPU.Build.0 = Release|Any CPU
		{96F629B0-4DC3-4FD7-B7F7-34ED4BE7E64C}.SingleImage|Any CPU.ActiveCfg = Release|Any CPU
		{96F629B0-4DC3-4FD7-B7F7-34ED4BE7E64C}.SingleImage|Any CPU.Build.0 = Release|Any CPU
	EndGlobalSection
	GlobalSection(SolutionProperties) = preSolution
		HideSolutionNode = FALSE
	EndGlobalSection
EndGlobal
